{
  "name": "testing-site",
  "version": "1.0.0",
  "lockfileVersion": 3,
  "requires": true,
  "packages": {
    "": {
      "name": "testing-site",
      "version": "1.0.0",
      "license": "ISC",
      "dependencies": {
        "froala-editor": "^4.1.2"
      }
    },
    "node_modules/froala-editor": {
      "version": "4.1.2",
      "resolved": "https://registry.npmjs.org/froala-editor/-/froala-editor-4.1.2.tgz",
      "integrity": "sha512-MVofk5cRaRfGqTgTXkS4feL2V5HbS3AtMEKn/0mgb1M9GJ0h1JxWW1n1qs/FyjT5cUUgngXX/LlcpeHFYSMv+g=="
    }
  }
}
